
Microsoft Visual Studio Solution File, Format Version 12.00
# Visual Studio Version 16
VisualStudioVersion = 16.0.29411.108
MinimumVisualStudioVersion = 10.0.40219.1
Project("{FAE04EC0-301F-11D3-BF4B-00C04F79EFBC}") = "algo3", "algo3\algo3.csproj", "{466D9D5D-5069-4402-B9E1-9A185BB914F6}"
EndProject
Global
	GlobalSection(SolutionConfigurationPlatforms) = preSolution
		Debug|Any CPU = Debug|Any CPU
		Release|Any CPU = Release|Any CPU
	EndGlobalSection
	GlobalSection(ProjectConfigurationPlatforms) = postSolution
		{466D9D5D-5069-4402-B9E1-9A185BB914F6}.Debug|Any CPU.ActiveCfg = Debug|Any CPU
		{466D9D5D-5069-4402-B9E1-9A185BB914F6}.Debug|Any CPU.Build.0 = Debug|Any CPU
		{466D9D5D-5069-4402-B9E1-9A185BB914F6}.Release|Any CPU.ActiveCfg = Release|Any CPU
		{466D9D5D-5069-4402-B9E1-9A185BB914F6}.Release|Any CPU.Build.0 = Release|Any CPU
	EndGlobalSection
	GlobalSection(SolutionProperties) = preSolution
		HideSolutionNode = FALSE
	EndGlobalSection
	GlobalSection(ExtensibilityGlobals) = postSolution
		SolutionGuid = {1881DC69-A1AF-4FEC-9DC9-9DE0034DDE52}
	EndGlobalSection
EndGlobal
