
Microsoft Visual Studio Solution File, Format Version 12.00
# Visual Studio Version 16
VisualStudioVersion = 16.0.29411.108
MinimumVisualStudioVersion = 10.0.40219.1
Project("{FAE04EC0-301F-11D3-BF4B-00C04F79EFBC}") = "algorytmy2_gauss", "algorytmy2_gauss\algorytmy2_gauss.csproj", "{06CF93D1-424D-43E7-B065-0B7B692685BA}"
EndProject
Global
	GlobalSection(SolutionConfigurationPlatforms) = preSolution
		Debug|Any CPU = Debug|Any CPU
		Release|Any CPU = Release|Any CPU
	EndGlobalSection
	GlobalSection(ProjectConfigurationPlatforms) = postSolution
		{06CF93D1-424D-43E7-B065-0B7B692685BA}.Debug|Any CPU.ActiveCfg = Debug|Any CPU
		{06CF93D1-424D-43E7-B065-0B7B692685BA}.Debug|Any CPU.Build.0 = Debug|Any CPU
		{06CF93D1-424D-43E7-B065-0B7B692685BA}.Release|Any CPU.ActiveCfg = Release|Any CPU
		{06CF93D1-424D-43E7-B065-0B7B692685BA}.Release|Any CPU.Build.0 = Release|Any CPU
	EndGlobalSection
	GlobalSection(SolutionProperties) = preSolution
		HideSolutionNode = FALSE
	EndGlobalSection
	GlobalSection(ExtensibilityGlobals) = postSolution
		SolutionGuid = {8C6C755B-704F-4B9B-8A60-D2B49A573B42}
	EndGlobalSection
EndGlobal
